version = 1
revision = 3
requires-python = ">=3.12"

[[package]]
name = "dpcpp-cpp-rt"
version = "2025.3.2"
source = { registry = "https://download.pytorch.org/whl/xpu" }
dependencies = [
    { name = "intel-opencl-rt" },
    { name = "intel-openmp" },
    { name = "intel-sycl-rt" },
]
wheels = [
    { url = "https://files.pythonhosted.org/packages/e9/d2/edcbe7995ae3fe18f709c8ae122da8978aee1311c3e8d3bdcd23fc684e69/dpcpp_cpp_rt-2025.3.2-py2.py3-none-manylinux_2_28_x86_64.whl", hash = "sha256:7084cfa5dd43c609389b67615b212c5f5f633b44b79da1281893dbe3459f8e2d" },
    { url = "https://files.pythonhosted.org/packages/6e/8b/9c9bf12d09033de5721070701b859917c0d3a2da214467caf1378a38df98/dpcpp_cpp_rt-2025.3.2-py2.py3-none-win_amd64.whl", hash = "sha256:3a8645e0ae570f54e2514c92fbfb57c0759158afe576b8c966ba06dc90729ca5" },
]

[[package]]
name = "filelock"
version = "3.29.0"
source = { registry = "https://download.pytorch.org/whl/xpu" }
sdist = { url = "https://files.pythonhosted.org/packages/b5/fe/997687a931ab51049acce6fa1f23e8f01216374ea81374ddee763c493db5/filelock-3.29.0.tar.gz", hash = "sha256:69974355e960702e789734cb4871f884ea6fe50bd8404051a3530bc07809cf90" }
wheels = [
    { url = "https://files.pythonhosted.org/packages/81/47/dd9a212ef6e343a6857485ffe25bba537304f1913bdbed446a23f7f592e1/filelock-3.29.0-py3-none-any.whl", hash = "sha256:96f5f6344709aa1572bbf631c640e4ebeeb519e08da902c39a001882f30ac258" },
]

[[package]]
name = "fsspec"
version = "2026.4.0"
source = { registry = "https://download.pytorch.org/whl/xpu" }
sdist = { url = "https://files.pythonhosted.org/packages/d5/8d/1c51c094345df128ca4a990d633fe1a0ff28726c9e6b3c41ba65087bba1d/fsspec-2026.4.0.tar.gz", hash = "sha256:301d8ac70ae90ef3ad05dcf94d6c3754a097f9b5fe4667d2787aa359ec7df7e4" }
wheels = [
    { url = "https://files.pythonhosted.org/packages/d5/0c/043d5e551459da400957a1395e0febbf771446ff34291afcbe3d8be2a279/fsspec-2026.4.0-py3-none-any.whl", hash = "sha256:11ef7bb35dab8a394fde6e608221d5cf3e8499401c249bebaeaad760a1a8dec2" },
]

[[package]]
name = "impi-rt"
version = "2021.17.2"
source = { registry = "https://download.pytorch.org/whl/xpu" }
wheels = [
    { url = "https://files.pythonhosted.org/packages/ce/29/496c69c70a5645eaa2dfe230ee9ab7dcee041a64f7a6555c515512530495/impi_rt-2021.17.2-py2.py3-none-manylinux_2_28_x86_64.whl", hash = "sha256:f10206010456d77e5b55bf19045cbc2eac46d240373539416a4fecd8a52530c8" },
]

[[package]]
name = "intel-cmplr-lib-rt"
version = "2025.3.2"
source = { registry = "https://download.pytorch.org/whl/xpu" }
wheels = [
    { url = "https://files.pythonhosted.org/packages/1b/d7/ffb7e58ac260737b5076e2738ce198468a4efb3ba1885bced038801c387a/intel_cmplr_lib_rt-2025.3.2-py2.py3-none-manylinux_2_28_x86_64.whl", hash = "sha256:c413efc1b2ddd8a879e9518bcbc375541b8b633951b2825684571d833aea26ad" },
    { url = "https://files.pythonhosted.org/packages/de/02/46ec0e8aad41a7d95ba62dc65238c88fc302120c9a143c211990eef9c0b2/intel_cmplr_lib_rt-2025.3.2-py2.py3-none-win_amd64.whl", hash = "sha256:89bba5899d0e057f0ecbc55768558e55bd7a3740950d0e4d0b01d25d8b62b020" },
]

[[package]]
name = "intel-cmplr-lib-ur"
version = "2025.3.2"
source = { registry = "https://download.pytorch.org/whl/xpu" }
dependencies = [
    { name = "umf" },
]
wheels = [
    { url = "https://files.pythonhosted.org/packages/49/7e/bc668ee301350964b7be980db7d527a54a61b89a749d09bb430b4598ed3b/intel_cmplr_lib_ur-2025.3.2-py2.py3-none-manylinux_2_28_x86_64.whl", hash = "sha256:175cdb0fbca5c3ef0db176f1cbd8b8f2c36d33eb774cf1d0cfa0404f748df634" },
    { url = "https://files.pythonhosted.org/packages/b5/ef/a6de04eb38a359004e9b6d8fd8bbbaedbc5fce1379e16bd26374aade67db/intel_cmplr_lib_ur-2025.3.2-py2.py3-none-win_amd64.whl", hash = "sha256:28dcf7e7401e54f16c4ece55c07029d9ef2b8fe8602b6530f0bcfec906c63823" },
]

[[package]]
name = "intel-cmplr-lic-rt"
version = "2025.3.2"
source = { registry = "https://download.pytorch.org/whl/xpu" }
wheels = [
    { url = "https://files.pythonhosted.org/packages/c1/27/bbadf924bf134143895fc197701951d9d28c77bd1cfbabd5e1dfb9b90b8b/intel_cmplr_lic_rt-2025.3.2-py2.py3-none-manylinux_2_28_x86_64.whl", hash = "sha256:8730fb1dc84740a495603403531b9245ac47d2d3563a853a7b1a0dfe3a81b2bb" },
    { url = "https://files.pythonhosted.org/packages/fd/9f/4d9b6e8d93cc0685323b617023716132c6b65796f4103e167a296973db1f/intel_cmplr_lic_rt-2025.3.2-py2.py3-none-win_amd64.whl", hash = "sha256:b4d79398df82325dbd121ad7239735117e541b768c45ae4ad29fb40b07531d7e" },
]

[[package]]
name = "intel-opencl-rt"
version = "2025.3.2"
source = { registry = "https://download.pytorch.org/whl/xpu" }
dependencies = [
    { name = "intel-cmplr-lic-rt" },
    { name = "tbb" },
]
wheels = [
    { url = "https://files.pythonhosted.org/packages/40/6b/51459a9a6ac585ab8ca1accc58a580a23b91c5272a63ccf419c8f9d52f37/intel_opencl_rt-2025.3.2-py2.py3-none-manylinux_2_28_x86_64.whl", hash = "sha256:2adc6a6450ca91b0a000d6443e91f565e29323a0f15f462d7be541f076a8c536" },
    { url = "https://files.pythonhosted.org/packages/fd/f4/3c859afc3965fd4ccd5d32e979fae446b1f9c7388f95f23eef6bd8d57dc5/intel_opencl_rt-2025.3.2-py2.py3-none-win_amd64.whl", hash = "sha256:fa0df93b218eb1b690729ac2b842aba491648b52556d9d520ac88e0c73a9f8e6" },
]

[[package]]
name = "intel-openmp"
version = "2025.3.2"
source = { registry = "https://download.pytorch.org/whl/xpu" }
dependencies = [
    { name = "intel-cmplr-lib-ur" },
]
wheels = [
    { url = "https://files.pythonhosted.org/packages/91/99/5ee1e9ae85ed3d10517d17d5a3a924fecc15b116385045a0a89eb2d5bc82/intel_openmp-2025.3.2-py2.py3-none-manylinux_2_28_x86_64.whl", hash = "sha256:2de5f12fb282e7e275723539cba335ce1831e533f94b1c484062569e1bc57399" },
    { url = "https://files.pythonhosted.org/packages/52/e7/31d84b2c547a9319c2ad5dc744ca0b45e23ddf5a6959e96718d3c93d963a/intel_openmp-2025.3.2-py2.py3-none-win_amd64.whl", hash = "sha256:8950bb59ffd146232aaf5c0d4272acdfcbe251f5982b83b329dab2e67069dc11" },
]

[[package]]
name = "intel-pti"
version = "0.16.0"
source = { registry = "https://download.pytorch.org/whl/xpu" }
wheels = [
    { url = "https://files.pythonhosted.org/packages/af/85/dee48118c530d9574f683f8cf3a7ad576a23f060a520335c9284ff6ba65b/intel_pti-0.16.0-py2.py3-none-manylinux_2_28_x86_64.whl", hash = "sha256:452e44479a5720b3fe19f00fa01bdea29586a1a25a557278857ab0a3d11c7852" },
    { url = "https://files.pythonhosted.org/packages/dd/16/a100ed54b8d2f91a62bfac325b09276bf38602ae9676c07cc657e05a0328/intel_pti-0.16.0-py2.py3-none-win_amd64.whl", hash = "sha256:5f50056cea4ef1dbfb0a52c96feab2137e9fc2fbd742e8d4081adfb467d221be" },
]

[[package]]
name = "intel-sycl-rt"
version = "2025.3.2"
source = { registry = "https://download.pytorch.org/whl/xpu" }
dependencies = [
    { name = "intel-cmplr-lib-rt" },
    { name = "intel-cmplr-lib-ur" },
    { name = "intel-cmplr-lic-rt" },
]
wheels = [
    { url = "https://files.pythonhosted.org/packages/f7/e4/047a0b42f8240a9c70f3ac120479aa1996f99cfe9fd97afb025d6bbd89a8/intel_sycl_rt-2025.3.2-py2.py3-none-manylinux_2_28_x86_64.whl", hash = "sha256:3b19d9f64b56804a7bc58a91fe95daacf10bc906b94ce3c5b6416153367df972" },
    { url = "https://files.pythonhosted.org/packages/a4/ac/82eccd64c17cfac23e265af44400897f1cb30bd5c0830099a39c8425a293/intel_sycl_rt-2025.3.2-py2.py3-none-win_amd64.whl", hash = "sha256:c3a38e2ec1f15417c77f67ece1e8ebb0aef81ffab946e0bf8b1aaa2052e700bb" },
]

[[package]]
name = "jinja2"
version = "3.1.6"
source = { registry = "https://download.pytorch.org/whl/xpu" }
dependencies = [
    { name = "markupsafe" },
]
wheels = [
    { url = "https://download.pytorch.org/whl/jinja2-3.1.6-py3-none-any.whl", upload-time = "2025-10-14T18:38:59Z" },
]

[[package]]
name = "markupsafe"
version = "3.0.3"
source = { registry = "https://download.pytorch.org/whl/xpu" }
wheels = [
    { url = "https://download.pytorch.org/whl/markupsafe-3.0.3-cp312-cp312-macosx_11_0_arm64.whl", upload-time = "2026-03-27T13:54:33Z" },
    { url = "https://download.pytorch.org/whl/markupsafe-3.0.3-cp312-cp312-manylinux2014_aarch64.manylinux_2_17_aarch64.manylinux_2_28_aarch64.whl", upload-time = "2026-03-27T13:54:33Z" },
    { url = "https://download.pytorch.org/whl/markupsafe-3.0.3-cp312-cp312-manylinux2014_x86_64.manylinux_2_17_x86_64.manylinux_2_28_x86_64.whl", upload-time = "2026-03-27T13:54:35Z" },
    { url = "https://download.pytorch.org/whl/markupsafe-3.0.3-cp312-cp312-win_amd64.whl", upload-time = "2026-03-27T13:54:35Z" },
    { url = "https://download.pytorch.org/whl/markupsafe-3.0.3-cp313-cp313-macosx_11_0_arm64.whl", upload-time = "2026-03-27T13:54:35Z" },
    { url = "https://download.pytorch.org/whl/markupsafe-3.0.3-cp313-cp313-manylinux2014_aarch64.manylinux_2_17_aarch64.manylinux_2_28_aarch64.whl", upload-time = "2026-03-27T13:54:37Z" },
    { url = "https://download.pytorch.org/whl/markupsafe-3.0.3-cp313-cp313-manylinux2014_x86_64.manylinux_2_17_x86_64.manylinux_2_28_x86_64.whl", upload-time = "2026-03-27T13:54:37Z" },
    { url = "https://download.pytorch.org/whl/markupsafe-3.0.3-cp313-cp313-win_amd64.whl", upload-time = "2026-03-27T13:54:39Z" },
    { url = "https://download.pytorch.org/whl/markupsafe-3.0.3-cp313-cp313t-macosx_11_0_arm64.whl", upload-time = "2026-03-27T13:54:39Z" },
    { url = "https://download.pytorch.org/whl/markupsafe-3.0.3-cp313-cp313t-manylinux2014_aarch64.manylinux_2_17_aarch64.manylinux_2_28_aarch64.whl", upload-time = "2026-03-27T13:54:39Z" },
    { url = "https://download.pytorch.org/whl/markupsafe-3.0.3-cp313-cp313t-manylinux2014_x86_64.manylinux_2_17_x86_64.manylinux_2_28_x86_64.whl", upload-time = "2026-03-27T13:54:41Z" },
    { url = "https://download.pytorch.org/whl/markupsafe-3.0.3-cp313-cp313t-win_amd64.whl", upload-time = "2026-03-27T13:54:41Z" },
    { url = "https://download.pytorch.org/whl/markupsafe-3.0.3-cp314-cp314-macosx_11_0_arm64.whl", upload-time = "2026-02-23T16:46:37Z" },
    { url = "https://download.pytorch.org/whl/markupsafe-3.0.3-cp314-cp314-manylinux2014_aarch64.manylinux_2_17_aarch64.manylinux_2_28_aarch64.whl", upload-time = "2026-02-23T16:46:37Z" },
    { url = "https://download.pytorch.org/whl/markupsafe-3.0.3-cp314-cp314-manylinux2014_x86_64.manylinux_2_17_x86_64.manylinux_2_28_x86_64.whl", upload-time = "2026-02-23T16:46:37Z" },
    { url = "https://download.pytorch.org/whl/markupsafe-3.0.3-cp314-cp314-win_amd64.whl", upload-time = "2026-02-23T16:46:37Z" },
    { url = "https://download.pytorch.org/whl/markupsafe-3.0.3-cp314-cp314t-macosx_11_0_arm64.whl", upload-time = "2026-02-23T16:46:39Z" },
    { url = "https://download.pytorch.org/whl/markupsafe-3.0.3-cp314-cp314t-manylinux2014_aarch64.manylinux_2_17_aarch64.manylinux_2_28_aarch64.whl", upload-time = "2026-02-23T16:46:41Z" },
    { url = "https://download.pytorch.org/whl/markupsafe-3.0.3-cp314-cp314t-manylinux2014_x86_64.manylinux_2_17_x86_64.manylinux_2_28_x86_64.whl", upload-time = "2026-02-23T16:46:41Z" },
    { url = "https://download.pytorch.org/whl/markupsafe-3.0.3-cp314-cp314t-win_amd64.whl", upload-time = "2026-02-23T16:46:41Z" },
]

[[package]]
name = "mkl"
version = "2025.3.1"
source = { registry = "https://download.pytorch.org/whl/xpu" }
dependencies = [
    { name = "intel-openmp" },
    { name = "onemkl-license" },
    { name = "tbb" },
]
wheels = [
    { url = "https://files.pythonhosted.org/packages/b3/ee/76755ca0ec9626835e0d024c369b968f24eadce2106a7884404720670623/mkl-2025.3.1-py2.py3-none-manylinux_2_28_x86_64.whl", hash = "sha256:db31e59fa368dd4fa45b494351f4b7e0e6204b08d7db27836118c4e1370eb011" },
    { url = "https://files.pythonhosted.org/packages/99/c2/97c8df6e8c0663903ab7b0fe4d9529e6a75ffeeeef7b1727bc14996d389b/mkl-2025.3.1-py2.py3-none-win_amd64.whl", hash = "sha256:74084f58784c4cde1dc3284bdf3a19df30fbfe11416567e4ba6419d3bd9ce33e" },
]

[[package]]
name = "mpmath"
version = "1.3.0"
source = { registry = "https://download.pytorch.org/whl/xpu" }
sdist = { url = "https://files.pythonhosted.org/packages/e0/47/dd32fa426cc72114383ac549964eecb20ecfd886d1e5ccf5340b55b02f57/mpmath-1.3.0.tar.gz", hash = "sha256:7a28eb2a9774d00c7bc92411c19a89209d5da7c4c9a9e227be8330a23a25b91f" }
wheels = [
    { url = "https://files.pythonhosted.org/packages/43/e3/7d92a15f894aa0c9c4b49b8ee9ac9850d6e63b03c9c32c0367a13ae62209/mpmath-1.3.0-py3-none-any.whl", hash = "sha256:a0b2b9fe80bbcd81a6647ff13108738cfb482d481d826cc0e02f5b35e5c88d2c" },
]

[[package]]
name = "networkx"
version = "3.6.1"
source = { registry = "https://download.pytorch.org/whl/xpu" }
sdist = { url = "https://files.pythonhosted.org/packages/6a/51/63fe664f3908c97be9d2e4f1158eb633317598cfa6e1fc14af5383f17512/networkx-3.6.1.tar.gz", hash = "sha256:26b7c357accc0c8cde558ad486283728b65b6a95d85ee1cd66bafab4c8168509" }
wheels = [
    { url = "https://files.pythonhosted.org/packages/9e/c9/b2622292ea83fbb4ec318f5b9ab867d0a28ab43c5717bb85b0a5f6b3b0a4/networkx-3.6.1-py3-none-any.whl", hash = "sha256:d47fbf302e7d9cbbb9e2555a0d267983d2aa476bac30e90dfbe5669bd57f3762" },
]

[[package]]
name = "oneccl"
version = "2021.17.2"
source = { registry = "https://download.pytorch.org/whl/xpu" }
dependencies = [
    { name = "impi-rt" },
    { name = "intel-sycl-rt" },
]
wheels = [
    { url = "https://files.pythonhosted.org/packages/73/9b/2932b6b128924ba96712ea1c807c1618b9963518eb8ec80cf834ffc3c684/oneccl-2021.17.2-py2.py3-none-manylinux_2_28_x86_64.whl", hash = "sha256:a77c2c56eeba1c78379a530a2ba2bbd33407f6440b44476f83292d1694100373" },
]

[[package]]
name = "oneccl-devel"
version = "2021.17.2"
source = { registry = "https://download.pytorch.org/whl/xpu" }
dependencies = [
    { name = "oneccl" },
]
wheels = [
    { url = "https://files.pythonhosted.org/packages/4a/a1/4fad3108825e2d65d812ba69a9fd3664181cfe8860e49110c92431d1629f/oneccl_devel-2021.17.2-py2.py3-none-manylinux_2_28_x86_64.whl", hash = "sha256:6cdaaf12f04fa8eb7934f3b23c202410fece7ae05dfd3b8cc4219701726f1999" },
]

[[package]]
name = "onemkl-license"
version = "2025.3.1"
source = { registry = "https://download.pytorch.org/whl/xpu" }
wheels = [
    { url = "https://files.pythonhosted.org/packages/3e/1d/7acbedb07bf4c71cc499527c25a3ef60bf83ed41b8918e986ed7a4573bd4/onemkl_license-2025.3.1-py2.py3-none-manylinux_2_28_x86_64.whl", hash = "sha256:b6263a01bf29c04ea683eab1712eb6b74c2b8b722722f46fd90784ed8778c093" },
    { url = "https://files.pythonhosted.org/packages/1b/7f/732bd62f4ce4ddcbf97003efa856fcafc99c29e6b05deb0c1bb9cb85bdc4/onemkl_license-2025.3.1-py2.py3-none-win_amd64.whl", hash = "sha256:9fa45b274f05a61797f9ec3166b136124250ec7c9c91dedb87f3a926bfed9a54" },
]

[[package]]
name = "onemkl-sycl-blas"
version = "2025.3.1"
source = { registry = "https://download.pytorch.org/whl/xpu" }
dependencies = [
    { name = "dpcpp-cpp-rt" },
    { name = "intel-opencl-rt" },
    { name = "mkl" },
]
wheels = [
    { url = "https://files.pythonhosted.org/packages/51/17/497d29cd13029f4835383d95e644d1602dafa9b7887d298ba9ea77734dce/onemkl_sycl_blas-2025.3.1-py2.py3-none-manylinux_2_28_x86_64.whl", hash = "sha256:b956c14db44990579cf376eb72ba6010b0c83ae27fc132f66752b1b337d9e728" },
    { url = "https://files.pythonhosted.org/packages/e1/4b/1c60d831fb54c13fead3bb8e98d44721059b9bbad44184a507c42589234f/onemkl_sycl_blas-2025.3.1-py2.py3-none-win_amd64.whl", hash = "sha256:8a094fb2d6f393e6beb030e507475cdb704178ac7afec80b634a5d1eb848b557" },
]

[[package]]
name = "onemkl-sycl-dft"
version = "2025.3.1"
source = { registry = "https://download.pytorch.org/whl/xpu" }
dependencies = [
    { name = "dpcpp-cpp-rt" },
    { name = "intel-opencl-rt" },
    { name = "mkl" },
]
wheels = [
    { url = "https://files.pythonhosted.org/packages/41/ae/46fe3ca4fcf715cfef35b239abe705d32f355c3be4b9e94aca782a4720ae/onemkl_sycl_dft-2025.3.1-py2.py3-none-manylinux_2_28_x86_64.whl", hash = "sha256:39f43a334d05ab5989b22ceb46243eacce4571d016c9f67923179ff4e427b88a" },
    { url = "https://files.pythonhosted.org/packages/17/e9/2a20a5130f4ec203ee62fdd7adbaacd413f22729522988d112a48a1f7f11/onemkl_sycl_dft-2025.3.1-py2.py3-none-win_amd64.whl", hash = "sha256:720d31ef23d5fe15355e6b95434244b27e254f817c45c89057f576a8a3e087a1" },
]

[[package]]
name = "onemkl-sycl-lapack"
version = "2025.3.1"
source = { registry = "https://download.pytorch.org/whl/xpu" }
dependencies = [
    { name = "dpcpp-cpp-rt" },
    { name = "intel-opencl-rt" },
    { name = "mkl" },
    { name = "onemkl-sycl-blas" },
]
wheels = [
    { url = "https://files.pythonhosted.org/packages/24/f6/f4e38bb1a81fbda3afa2d79aa95b5a5d73c838977c1f86fbf73e7dafe676/onemkl_sycl_lapack-2025.3.1-py2.py3-none-manylinux_2_28_x86_64.whl", hash = "sha256:360fc636bc0832d5a2ee2d3c4f440145ec43d94c170a351d588a9af7a84849ce" },
    { url = "https://files.pythonhosted.org/packages/80/33/3aef7852a99a08ec6a6535268f63e600e998b011bffafa5cd6205050b46f/onemkl_sycl_lapack-2025.3.1-py2.py3-none-win_amd64.whl", hash = "sha256:b4df2a705422a7c27d5ad35ea853a26103a39dbfc1fe4c5180c4d7b39ba34e7e" },
]

[[package]]
name = "onemkl-sycl-rng"
version = "2025.3.1"
source = { registry = "https://download.pytorch.org/whl/xpu" }
dependencies = [
    { name = "dpcpp-cpp-rt" },
    { name = "intel-opencl-rt" },
    { name = "mkl" },
]
wheels = [
    { url = "https://files.pythonhosted.org/packages/60/f9/1f3b6ce37848c721462b4f30de08482dc27d6ffbcbba621b61ef53e28d3c/onemkl_sycl_rng-2025.3.1-py2.py3-none-manylinux_2_28_x86_64.whl", hash = "sha256:3b0d89c6d38cfbeccc00d2ebe95d6ad81637d62e146e4f3f2101952bc836c39d" },
    { url = "https://files.pythonhosted.org/packages/81/57/d9e2941e40cdcbfc6a6dbd6c1184d4be5138965e63f978c8a595dcb2ce65/onemkl_sycl_rng-2025.3.1-py2.py3-none-win_amd64.whl", hash = "sha256:fe9bf5b9db1bb72578df997beb7e8ff7e4c0345b692fe947ee4a0af284709006" },
]

[[package]]
name = "onemkl-sycl-sparse"
version = "2025.3.1"
source = { registry = "https://download.pytorch.org/whl/xpu" }
dependencies = [
    { name = "dpcpp-cpp-rt" },
    { name = "intel-opencl-rt" },
    { name = "mkl" },
    { name = "onemkl-sycl-blas" },
]
wheels = [
    { url = "https://files.pythonhosted.org/packages/5d/88/4b7e2095f5d16ce1d8425efb2bf0126dd60ef659e24619bdeea85c10ef74/onemkl_sycl_sparse-2025.3.1-py2.py3-none-manylinux_2_28_x86_64.whl", hash = "sha256:4a27ded81ab3826a839dc1ce66e44cbb739f0f7109a1dccd1aa77cc9a6663d08" },
    { url = "https://files.pythonhosted.org/packages/58/88/970baf908e8be5d5d7d0ed7e86863b350f1419cf9b6a9bd015a020e03bf2/onemkl_sycl_sparse-2025.3.1-py2.py3-none-win_amd64.whl", hash = "sha256:994969efc1a4ee0483466ce0b75c510df4c5ffc89a6a12a0e878d5536ce29c69" },
]

[[package]]
name = "pyelftools"
version = "0.32"
source = { registry = "https://download.pytorch.org/whl/xpu" }
sdist = { url = "https://files.pythonhosted.org/packages/b9/ab/33968940b2deb3d92f5b146bc6d4009a5f95d1d06c148ea2f9ee965071af/pyelftools-0.32.tar.gz", hash = "sha256:6de90ee7b8263e740c8715a925382d4099b354f29ac48ea40d840cf7aa14ace5" }
wheels = [
    { url = "https://files.pythonhosted.org/packages/af/43/700932c4f0638c3421177144a2e86448c0d75dbaee2c7936bda3f9fd0878/pyelftools-0.32-py3-none-any.whl", hash = "sha256:013df952a006db5e138b1edf6d8a68ecc50630adbd0d83a2d41e7f846163d738" },
]

[[package]]
name = "setuptools"
version = "70.2.0"
source = { registry = "https://download.pytorch.org/whl/xpu" }
wheels = [
    { url = "https://download.pytorch.org/whl/setuptools-70.2.0-py3-none-any.whl", hash = "sha256:b8b8060bb426838fbe942479c90296ce976249451118ef566a5a0b7d8b78fb05", upload-time = "2025-01-30T19:44:58Z" },
]

[[package]]
name = "sympy"
version = "1.14.0"
source = { registry = "https://download.pytorch.org/whl/xpu" }
dependencies = [
    { name = "mpmath" },
]
sdist = { url = "https://files.pythonhosted.org/packages/83/d3/803453b36afefb7c2bb238361cd4ae6125a569b4db67cd9e79846ba2d68c/sympy-1.14.0.tar.gz", hash = "sha256:d3d3fe8df1e5a0b42f0e7bdf50541697dbe7d23746e894990c030e2b05e72517" }
wheels = [
    { url = "https://files.pythonhosted.org/packages/a2/09/77d55d46fd61b4a135c444fc97158ef34a095e5681d0a6c10b75bf356191/sympy-1.14.0-py3-none-any.whl", hash = "sha256:e091cc3e99d2141a0ba2847328f5479b05d94a6635cb96148ccb3f34671bd8f5" },
]

[[package]]
name = "tbb"
version = "2022.3.1"
source = { registry = "https://download.pytorch.org/whl/xpu" }
dependencies = [
    { name = "tcmlib" },
]
wheels = [
    { url = "https://files.pythonhosted.org/packages/08/59/8d381a2cfe8d36c4f4ff9f94769ff2809bfc16014d888360b0e24c7e5c6b/tbb-2022.3.1-py2.py3-none-manylinux_2_28_x86_64.whl", hash = "sha256:534c089eca6bcf148408684c156229d5f09c01d323b685b15739f41985b529d7" },
    { url = "https://files.pythonhosted.org/packages/68/ef/d01ec56a854949efc727c8cac8941325a2020f345a786e64ca6ad3a05611/tbb-2022.3.1-py3-none-win_amd64.whl", hash = "sha256:8187e4c50a77c75c51ca9395febddd3a67d88dcb4cc537947d68d244925710f7" },
]

[[package]]
name = "tcmlib"
version = "1.4.1"
source = { registry = "https://download.pytorch.org/whl/xpu" }
wheels = [
    { url = "https://files.pythonhosted.org/packages/a1/a4/38e8b5a27b66ab286168ba6c449771ed71d71ec76524e7f12401474a5151/tcmlib-1.4.1-py2.py3-none-manylinux_2_28_x86_64.whl", hash = "sha256:0d5bd98db48d31bec7fedba5c23599bf9ae43c7016d4c3946d25242d320cee89" },
    { url = "https://files.pythonhosted.org/packages/eb/4d/2b1d55dba475f602197e284b9a5e5460139a9c5ef2bfb63c8d2a1fafc163/tcmlib-1.4.1-py2.py3-none-win_amd64.whl", hash = "sha256:5202a1fd8541182fbd4ef72848784e4bf94340152d7ddff33d401d30930fa53c" },
]

[[package]]
name = "torch"
version = "2.12.0+xpu"
source = { registry = "https://download.pytorch.org/whl/xpu" }
dependencies = [
    { name = "dpcpp-cpp-rt" },
    { name = "filelock" },
    { name = "fsspec" },
    { name = "impi-rt", marker = "platform_machine == 'x86_64' and sys_platform == 'linux'" },
    { name = "intel-cmplr-lib-rt" },
    { name = "intel-cmplr-lib-ur" },
    { name = "intel-cmplr-lic-rt" },
    { name = "intel-opencl-rt" },
    { name = "intel-openmp" },
    { name = "intel-pti" },
    { name = "intel-sycl-rt" },
    { name = "jinja2" },
    { name = "mkl" },
    { name = "networkx" },
    { name = "oneccl", marker = "platform_machine == 'x86_64' and sys_platform == 'linux'" },
    { name = "oneccl-devel", marker = "platform_machine == 'x86_64' and sys_platform == 'linux'" },
    { name = "onemkl-license" },
    { name = "onemkl-sycl-blas" },
    { name = "onemkl-sycl-dft" },
    { name = "onemkl-sycl-lapack" },
    { name = "onemkl-sycl-rng" },
    { name = "onemkl-sycl-sparse" },
    { name = "setuptools" },
    { name = "sympy" },
    { name = "tbb" },
    { name = "tcmlib" },
    { name = "triton-xpu" },
    { name = "typing-extensions" },
    { name = "umf" },
]
wheels = [
    { url = "https://download-r2.pytorch.org/whl/xpu/torch-2.12.0%2Bxpu-cp312-cp312-linux_x86_64.whl", hash = "sha256:f59decc04bec27862ed0197554a52370dbcba3e6892616d1fbce450e402bf2d5", upload-time = "2026-05-13T01:20:22Z" },
    { url = "https://download-r2.pytorch.org/whl/xpu/torch-2.12.0%2Bxpu-cp312-cp312-win_amd64.whl", hash = "sha256:7f1d40febf2b8724adf4ff23866897d87478cc43de2a20f7776dc00be334c464", upload-time = "2026-05-13T01:21:15Z" },
    { url = "https://download-r2.pytorch.org/whl/xpu/torch-2.12.0%2Bxpu-cp313-cp313-linux_x86_64.whl", hash = "sha256:56f74e7c6c096e1a7ac215eb79ee590b764be3fbba8f4febc145bca47194a083", upload-time = "2026-05-13T01:22:07Z" },
    { url = "https://download-r2.pytorch.org/whl/xpu/torch-2.12.0%2Bxpu-cp313-cp313-win_amd64.whl", hash = "sha256:32770e2613df26e2c81ae64ea001b2ca12b8d152231285caff9b5f963a21ad75", upload-time = "2026-05-13T01:23:00Z" },
    { url = "https://download-r2.pytorch.org/whl/xpu/torch-2.12.0%2Bxpu-cp313-cp313t-linux_x86_64.whl", hash = "sha256:8ab59a1780c56494d0af92078d408a74b8667953da775dc1f75548d9f1fac1cc", upload-time = "2026-05-13T01:23:46Z" },
    { url = "https://download-r2.pytorch.org/whl/xpu/torch-2.12.0%2Bxpu-cp313-cp313t-win_amd64.whl", hash = "sha256:6c28f8bcbfa742a86d0b5c42717f1f9e6f9960f0088d1064b3d82cfd048b6e14", upload-time = "2026-05-13T01:24:31Z" },
    { url = "https://download-r2.pytorch.org/whl/xpu/torch-2.12.0%2Bxpu-cp314-cp314-linux_x86_64.whl", hash = "sha256:0805efeaee6e5b2200d77071dd6c52d65520f95b03e47f52f683e62f48e622e6", upload-time = "2026-05-13T01:25:18Z" },
    { url = "https://download-r2.pytorch.org/whl/xpu/torch-2.12.0%2Bxpu-cp314-cp314-win_amd64.whl", hash = "sha256:2327c55e624483159eb9ad1d4cd0198896a3404951aa1e03418f282884d60b87", upload-time = "2026-05-13T01:26:03Z" },
    { url = "https://download-r2.pytorch.org/whl/xpu/torch-2.12.0%2Bxpu-cp314-cp314t-linux_x86_64.whl", hash = "sha256:b410b5186cf4543394e366c515afa3839d80845495b13ef9f0d96e28917d70d4", upload-time = "2026-05-13T01:26:49Z" },
    { url = "https://download-r2.pytorch.org/whl/xpu/torch-2.12.0%2Bxpu-cp314-cp314t-win_amd64.whl", hash = "sha256:af6482749551815b8488981f1c60b3342285184e72ae7c2a748c2a6eb27b34fe", upload-time = "2026-05-13T01:27:41Z" },
]

[[package]]
name = "triton-xpu"
version = "3.7.1"
source = { registry = "https://download.pytorch.org/whl/xpu" }
dependencies = [
    { name = "pyelftools" },
]
wheels = [
    { url = "https://download-r2.pytorch.org/whl/triton_xpu-3.7.1-cp312-cp312-manylinux_2_27_x86_64.manylinux_2_28_x86_64.whl", hash = "sha256:4e46e71e077cf483404a4c17ce40d71c5f0e13a81459139d4346ca427b1dd455", upload-time = "2026-05-12T19:09:05Z" },
    { url = "https://download-r2.pytorch.org/whl/triton_xpu-3.7.1-cp312-cp312-win_amd64.whl", hash = "sha256:d9482063af2a308543f23333e32edd738ea87cbb33ade68afda9ae0fd704ccd9", upload-time = "2026-05-12T19:09:38Z" },
    { url = "https://download-r2.pytorch.org/whl/triton_xpu-3.7.1-cp313-cp313-manylinux_2_27_x86_64.manylinux_2_28_x86_64.whl", hash = "sha256:4fdaed1bafc51d3a2834656a3420a6686a74ea226508765a49bf15d58ff3a930", upload-time = "2026-05-12T19:10:15Z" },
    { url = "https://download-r2.pytorch.org/whl/triton_xpu-3.7.1-cp313-cp313-win_amd64.whl", hash = "sha256:5d4d67f0deb1e851c01b293e602b8dcddad26ca2be61221cee3dc0e1aa0cdefd", upload-time = "2026-05-12T19:10:50Z" },
    { url = "https://download-r2.pytorch.org/whl/triton_xpu-3.7.1-cp313-cp313t-manylinux_2_27_x86_64.manylinux_2_28_x86_64.whl", hash = "sha256:c90fc043261382dc35320cf9bdd02a894b10e85cb9b549d3efc00369d0d39e96", upload-time = "2026-05-12T19:11:39Z" },
    { url = "https://download-r2.pytorch.org/whl/triton_xpu-3.7.1-cp313-cp313t-win_amd64.whl", hash = "sha256:23a33a716b512c7377f66dae980071dfdd7aa9b0fa98a4af5af8231c5336721b", upload-time = "2026-05-12T19:12:20Z" },
    { url = "https://download-r2.pytorch.org/whl/triton_xpu-3.7.1-cp314-cp314-manylinux_2_27_x86_64.manylinux_2_28_x86_64.whl", hash = "sha256:240fabe5af64e5dc3dbc42241e393c352f562205904036aa9932e285fd538a5f", upload-time = "2026-05-12T19:13:04Z" },
    { url = "https://download-r2.pytorch.org/whl/triton_xpu-3.7.1-cp314-cp314-win_amd64.whl", hash = "sha256:e4bb885d4f6983ace6602e0a884493f241ba5d12714b769fd42b05557bec7dcc", upload-time = "2026-05-12T19:13:47Z" },
    { url = "https://download-r2.pytorch.org/whl/triton_xpu-3.7.1-cp314-cp314t-manylinux_2_27_x86_64.manylinux_2_28_x86_64.whl", hash = "sha256:5db6fcb0c9eb50c757e0e146562a429c5b43cb6e67e5f0997345706f74189551", upload-time = "2026-05-12T19:14:28Z" },
    { url = "https://download-r2.pytorch.org/whl/triton_xpu-3.7.1-cp314-cp314t-win_amd64.whl", hash = "sha256:455258a6e763265ffea88779d92df44ff18ca563247445c545f516888fb2668e", upload-time = "2026-05-12T19:15:09Z" },
]

[[package]]
name = "typing-extensions"
version = "4.15.0"
source = { registry = "https://download.pytorch.org/whl/xpu" }
wheels = [
    { url = "https://download.pytorch.org/whl/typing_extensions-4.15.0-py3-none-any.whl" },
]

[[package]]
name = "umf"
version = "1.0.3"
source = { registry = "https://download.pytorch.org/whl/xpu" }
dependencies = [
    { name = "tcmlib" },
]
wheels = [
    { url = "https://files.pythonhosted.org/packages/4c/b9/fe8c54eab5a3fdfdff1839d9299d90bfce5c467186b5c9ff9fd95d55ad64/umf-1.0.3-py2.py3-none-manylinux_2_28_x86_64.whl", hash = "sha256:c89c0974daed30a1cac77fb7ce5ff9140d178e286bb2dd91b751486d5d0a65b0" },
    { url = "https://files.pythonhosted.org/packages/97/49/23b714e4ca9655f04d5b958ca8b4ef8361e10743581a637f141755b9f4fb/umf-1.0.3-py2.py3-none-win_amd64.whl", hash = "sha256:2182a623433329bd53863ac3b15a4af253d0eda62c603dc7c4e2bdce78658270" },
]

[[package]]
name = "vit"
version = "0.1.0"
source = { virtual = "." }
dependencies = [
    { name = "torch" },
]

[package.metadata]
requires-dist = [{ name = "torch", specifier = ">=2.12.0" }]
